
Microsoft Visual Studio Solution File, Format Version 12.00
# Visual Studio Version 17
VisualStudioVersion = 17.5.33530.505
MinimumVisualStudioVersion = 10.0.40219.1
Project("{FAE04EC0-301F-11D3-BF4B-00C04F79EFBC}") = "Lab 2,3", "Lab 2,3.csproj", "{38607CD4-F84D-403F-8E6C-DA55554E0EA0}"
EndProject
Global
	GlobalSection(SolutionConfigurationPlatforms) = preSolution
		Debug|Any CPU = Debug|Any CPU
		Release|Any CPU = Release|Any CPU
	EndGlobalSection
	GlobalSection(ProjectConfigurationPlatforms) = postSolution
		{38607CD4-F84D-403F-8E6C-DA55554E0EA0}.Debug|Any CPU.ActiveCfg = Debug|Any CPU
		{38607CD4-F84D-403F-8E6C-DA55554E0EA0}.Debug|Any CPU.Build.0 = Debug|Any CPU
		{38607CD4-F84D-403F-8E6C-DA55554E0EA0}.Release|Any CPU.ActiveCfg = Release|Any CPU
		{38607CD4-F84D-403F-8E6C-DA55554E0EA0}.Release|Any CPU.Build.0 = Release|Any CPU
	EndGlobalSection
	GlobalSection(SolutionProperties) = preSolution
		HideSolutionNode = FALSE
	EndGlobalSection
	GlobalSection(ExtensibilityGlobals) = postSolution
		SolutionGuid = {079A1E73-7F5E-4C7D-87BB-13F1A75D7A7D}
	EndGlobalSection
EndGlobal
