
Microsoft Visual Studio Solution File, Format Version 12.00
# Visual Studio Version 17
VisualStudioVersion = 17.5.33530.505
MinimumVisualStudioVersion = 10.0.40219.1
Project("{FAE04EC0-301F-11D3-BF4B-00C04F79EFBC}") = "lab7", "lab7.csproj", "{E451AC2E-28E7-4909-BADC-9A8FFDA64163}"
EndProject
Global
	GlobalSection(SolutionConfigurationPlatforms) = preSolution
		Debug|Any CPU = Debug|Any CPU
		Release|Any CPU = Release|Any CPU
	EndGlobalSection
	GlobalSection(ProjectConfigurationPlatforms) = postSolution
		{E451AC2E-28E7-4909-BADC-9A8FFDA64163}.Debug|Any CPU.ActiveCfg = Debug|Any CPU
		{E451AC2E-28E7-4909-BADC-9A8FFDA64163}.Debug|Any CPU.Build.0 = Debug|Any CPU
		{E451AC2E-28E7-4909-BADC-9A8FFDA64163}.Release|Any CPU.ActiveCfg = Release|Any CPU
		{E451AC2E-28E7-4909-BADC-9A8FFDA64163}.Release|Any CPU.Build.0 = Release|Any CPU
	EndGlobalSection
	GlobalSection(SolutionProperties) = preSolution
		HideSolutionNode = FALSE
	EndGlobalSection
	GlobalSection(ExtensibilityGlobals) = postSolution
		SolutionGuid = {3152E41A-3E2D-4BA7-BD47-AA8EAEB27667}
	EndGlobalSection
EndGlobal
